
Microsoft Visual Studio Solution File, Format Version 12.00
# Visual Studio Version 17
VisualStudioVersion = 17.0.31903.59
MinimumVisualStudioVersion = 10.0.40219.1
Project("{FAE04EC0-301F-11D3-BF4B-00C04F79EFBC}") = "PrimeService", "PrimeService\PrimeService.csproj", "{272526C6-7B77-4435-8415-66DF10BE0286}"
EndProject
Project("{FAE04EC0-301F-11D3-BF4B-00C04F79EFBC}") = "PrimeService.Tests", "PrimeService.Tests\PrimeService.Tests.csproj", "{671B8216-5D26-43BF-8C03-F00CF871B3BC}"
EndProject
Global
	GlobalSection(SolutionConfigurationPlatforms) = preSolution
		Debug|Any CPU = Debug|Any CPU
		Release|Any CPU = Release|Any CPU
	EndGlobalSection
	GlobalSection(SolutionProperties) = preSolution
		HideSolutionNode = FALSE
	EndGlobalSection
	GlobalSection(ProjectConfigurationPlatforms) = postSolution
		{272526C6-7B77-4435-8415-66DF10BE0286}.Debug|Any CPU.ActiveCfg = Debug|Any CPU
		{272526C6-7B77-4435-8415-66DF10BE0286}.Debug|Any CPU.Build.0 = Debug|Any CPU
		{272526C6-7B77-4435-8415-66DF10BE0286}.Release|Any CPU.ActiveCfg = Release|Any CPU
		{272526C6-7B77-4435-8415-66DF10BE0286}.Release|Any CPU.Build.0 = Release|Any CPU
		{671B8216-5D26-43BF-8C03-F00CF871B3BC}.Debug|Any CPU.ActiveCfg = Debug|Any CPU
		{671B8216-5D26-43BF-8C03-F00CF871B3BC}.Debug|Any CPU.Build.0 = Debug|Any CPU
		{671B8216-5D26-43BF-8C03-F00CF871B3BC}.Release|Any CPU.ActiveCfg = Release|Any CPU
		{671B8216-5D26-43BF-8C03-F00CF871B3BC}.Release|Any CPU.Build.0 = Release|Any CPU
	EndGlobalSection
EndGlobal
